
Microsoft Visual Studio Solution File, Format Version 12.00
# Visual Studio Version 17
VisualStudioVersion = 17.5.33402.96
MinimumVisualStudioVersion = 10.0.40219.1
Project("{2150E333-8FDC-42A3-9474-1A3956D46DE8}") = "src", "src", "{1EA5CB17-A582-4817-8D06-39D50D65419F}"
EndProject
Project("{2150E333-8FDC-42A3-9474-1A3956D46DE8}") = "Framework", "Framework", "{BD6D1E2B-691E-4E8B-9E8D-E7FD2EDDF1F8}"
EndProject
Project("{9A19103F-16F7-4668-BE54-9A1E7A4F7556}") = "EasilyNET.AutoDependencyInjection", "src\EasilyNET.AutoDependencyInjection\EasilyNET.AutoDependencyInjection.csproj", "{B6DFBBBD-4B4F-4AE2-8D65-4B9F51FB5CA2}"
EndProject
Project("{9A19103F-16F7-4668-BE54-9A1E7A4F7556}") = "EasilyNET.RabbitBus.AspNetCore", "src\EasilyNET.RabbitBus.AspNetCore\EasilyNET.RabbitBus.AspNetCore.csproj", "{0941E0F3-4C47-4090-8498-409E219E997B}"
EndProject
Project("{2150E333-8FDC-42A3-9474-1A3956D46DE8}") = "Mongo", "Mongo", "{6B734C3C-FE4C-405D-80E3-AFEAD63BCF2D}"
EndProject
Project("{9A19103F-16F7-4668-BE54-9A1E7A4F7556}") = "EasilyNET.IdentityServer.MongoStorage", "src\EasilyNET.IdentityServer.MongoStorage\EasilyNET.IdentityServer.MongoStorage.csproj", "{6B9F6FF5-6343-42B8-A234-F738237D75D8}"
EndProject
Project("{9A19103F-16F7-4668-BE54-9A1E7A4F7556}") = "EasilyNET.Mongo.AspNetCore", "src\EasilyNET.Mongo.AspNetCore\EasilyNET.Mongo.AspNetCore.csproj", "{DB755B9D-D734-443D-8A79-587B7D8C8CE6}"
EndProject
Project("{9A19103F-16F7-4668-BE54-9A1E7A4F7556}") = "EasilyNET.Mongo.ConsoleDebug", "src\EasilyNET.Mongo.ConsoleDebug\EasilyNET.Mongo.ConsoleDebug.csproj", "{2A3F55E3-E89B-496B-94DC-27F49D1998D8}"
EndProject
Project("{9A19103F-16F7-4668-BE54-9A1E7A4F7556}") = "EasilyNET.MongoSerializer.AspNetCore", "src\EasilyNET.MongoSerializer.AspNetCore\EasilyNET.MongoSerializer.AspNetCore.csproj", "{B22152F2-8BDE-4494-92DA-19CD5ACCC99D}"
EndProject
Project("{9A19103F-16F7-4668-BE54-9A1E7A4F7556}") = "EasilyNET.Images", "src\EasilyNET.Images\EasilyNET.Images.csproj", "{AC65A645-88EA-426B-8F93-013E466096A6}"
EndProject
Project("{2150E333-8FDC-42A3-9474-1A3956D46DE8}") = "Core", "Core", "{71FB9978-EB6D-4126-B5D1-FECED3C73D37}"
EndProject
Project("{9A19103F-16F7-4668-BE54-9A1E7A4F7556}") = "EasilyNET.Core", "src\EasilyNET.Core\EasilyNET.Core.csproj", "{3BC87898-B460-4178-8F6E-9CA7BE942211}"
EndProject
Project("{9A19103F-16F7-4668-BE54-9A1E7A4F7556}") = "EasilyNET.WebCore", "src\EasilyNET.WebCore\EasilyNET.WebCore.csproj", "{9B4920E8-C6A4-49B1-834D-9C80542834E7}"
EndProject
Project("{9A19103F-16F7-4668-BE54-9A1E7A4F7556}") = "EasilyNET.Security", "src\EasilyNET.Security\EasilyNET.Security.csproj", "{81F28F9F-77CF-43C2-8732-8B03B54F185F}"
EndProject
Project("{9A19103F-16F7-4668-BE54-9A1E7A4F7556}") = "EasilyNET.RabbitBus.Core", "src\EasilyNET.RabbitBus.Core\EasilyNET.RabbitBus.Core.csproj", "{D39C32BF-85C7-41FA-968A-88CE4AEB41B9}"
EndProject
Project("{9A19103F-16F7-4668-BE54-9A1E7A4F7556}") = "EasilyNET.WebCore.Swagger", "src\EasilyNET.WebCore.Swagger\EasilyNET.WebCore.Swagger.csproj", "{2DC8E076-CC8C-43FB-84A4-CB53E296DF8F}"
EndProject
Project("{9A19103F-16F7-4668-BE54-9A1E7A4F7556}") = "EasilyNET.Mongo.Core", "src\EasilyNET.Mongo.Core\EasilyNET.Mongo.Core.csproj", "{F096FF03-E517-4F1D-8657-7946A5DDC06F}"
EndProject
Project("{9A19103F-16F7-4668-BE54-9A1E7A4F7556}") = "EasilyNET.MongoGridFS.AspNetCore", "src\EasilyNET.MongoGridFS.AspNetCore\EasilyNET.MongoGridFS.AspNetCore.csproj", "{5DE016FE-94B3-4F71-9170-35728F09A710}"
EndProject
Project("{9A19103F-16F7-4668-BE54-9A1E7A4F7556}") = "EasilyNET.AutoDependencyInjection.Core", "src\EasilyNET.AutoDependencyInjection.Core\EasilyNET.AutoDependencyInjection.Core.csproj", "{AC36AE56-981E-4910-9D1C-DD17D4EC28AD}"
EndProject
Project("{9A19103F-16F7-4668-BE54-9A1E7A4F7556}") = "EasilyNET.MongoDistributedLock", "src\EasilyNET.MongoDistributedLock\EasilyNET.MongoDistributedLock.csproj", "{107F28AD-E038-47A5-8720-EDECF0DD1E36}"
EndProject
Project("{9A19103F-16F7-4668-BE54-9A1E7A4F7556}") = "EasilyNET.MongoDistributedLock.AspNetCore", "src\EasilyNET.MongoDistributedLock.AspNetCore\EasilyNET.MongoDistributedLock.AspNetCore.csproj", "{F1C997F7-DBDE-4899-9ED5-460473CEC087}"
EndProject
Project("{2150E333-8FDC-42A3-9474-1A3956D46DE8}") = "EntityFrameworkCore", "EntityFrameworkCore", "{89BD9E68-8627-4E84-8873-2EC76065A2B8}"
EndProject
Project("{FAE04EC0-301F-11D3-BF4B-00C04F79EFBC}") = "EasilyNET.EntityFrameworkCore", "src\EasilyNET.EntityFrameworkCore\EasilyNET.EntityFrameworkCore.csproj", "{ADB4A218-6CFB-456C-8272-EEAB0914C3ED}"
EndProject
Project("{2150E333-8FDC-42A3-9474-1A3956D46DE8}") = "Solution Items", "Solution Items", "{CD19FF86-B039-4A4A-8822-7C97670BC786}"
	ProjectSection(SolutionItems) = preProject
		Build.ps1 = Build.ps1
		LICENSE = LICENSE
		Push.ps1 = Push.ps1
		README.md = README.md
	EndProjectSection
EndProject
Project("{2150E333-8FDC-42A3-9474-1A3956D46DE8}") = "build", "build", "{3E8A3288-FD80-4809-9096-B10D2D025C5E}"
	ProjectSection(SolutionItems) = preProject
		build\common.props = build\common.props
		build\EasilyNET.snk = build\EasilyNET.snk
		build\sign.props = build\sign.props
		build\version.props = build\version.props
	EndProjectSection
EndProject
Project("{2150E333-8FDC-42A3-9474-1A3956D46DE8}") = "sample", "sample", "{2273701E-0AEE-4F47-A8D3-96DEE1F4FEDD}"
EndProject
Project("{9A19103F-16F7-4668-BE54-9A1E7A4F7556}") = "WebApi.Test.Unit", "sample\WebApi.Test.Unit\WebApi.Test.Unit.csproj", "{FDE3D67B-FA75-4806-8839-8B080893579C}"
EndProject
Project("{2150E333-8FDC-42A3-9474-1A3956D46DE8}") = "test", "test", "{AE84E1FF-91D2-4D29-A281-EB281B2114E8}"
EndProject
Project("{9A19103F-16F7-4668-BE54-9A1E7A4F7556}") = "EasilyNET.Test.Unit", "test\EasilyNET.Test.Unit\EasilyNET.Test.Unit.csproj", "{535C9D9D-84AC-4846-8198-C548477D70FA}"
EndProject
Project("{FAE04EC0-301F-11D3-BF4B-00C04F79EFBC}") = "EasilyNET.EntityFrameworkCore.Test", "test\EasilyNET.EntityFrameworkCore.Test\EasilyNET.EntityFrameworkCore.Test.csproj", "{1F8A3464-25F4-4E0A-9BA1-E769078015E1}"
EndProject
Global
	GlobalSection(SolutionConfigurationPlatforms) = preSolution
		Debug|Any CPU = Debug|Any CPU
		Release|Any CPU = Release|Any CPU
	EndGlobalSection
	GlobalSection(ProjectConfigurationPlatforms) = postSolution
		{B6DFBBBD-4B4F-4AE2-8D65-4B9F51FB5CA2}.Debug|Any CPU.ActiveCfg = Debug|Any CPU
		{B6DFBBBD-4B4F-4AE2-8D65-4B9F51FB5CA2}.Debug|Any CPU.Build.0 = Debug|Any CPU
		{B6DFBBBD-4B4F-4AE2-8D65-4B9F51FB5CA2}.Release|Any CPU.ActiveCfg = Release|Any CPU
		{B6DFBBBD-4B4F-4AE2-8D65-4B9F51FB5CA2}.Release|Any CPU.Build.0 = Release|Any CPU
		{0941E0F3-4C47-4090-8498-409E219E997B}.Debug|Any CPU.ActiveCfg = Debug|Any CPU
		{0941E0F3-4C47-4090-8498-409E219E997B}.Debug|Any CPU.Build.0 = Debug|Any CPU
		{0941E0F3-4C47-4090-8498-409E219E997B}.Release|Any CPU.ActiveCfg = Release|Any CPU
		{0941E0F3-4C47-4090-8498-409E219E997B}.Release|Any CPU.Build.0 = Release|Any CPU
		{6B9F6FF5-6343-42B8-A234-F738237D75D8}.Debug|Any CPU.ActiveCfg = Debug|Any CPU
		{6B9F6FF5-6343-42B8-A234-F738237D75D8}.Debug|Any CPU.Build.0 = Debug|Any CPU
		{6B9F6FF5-6343-42B8-A234-F738237D75D8}.Release|Any CPU.ActiveCfg = Release|Any CPU
		{6B9F6FF5-6343-42B8-A234-F738237D75D8}.Release|Any CPU.Build.0 = Release|Any CPU
		{DB755B9D-D734-443D-8A79-587B7D8C8CE6}.Debug|Any CPU.ActiveCfg = Debug|Any CPU
		{DB755B9D-D734-443D-8A79-587B7D8C8CE6}.Debug|Any CPU.Build.0 = Debug|Any CPU
		{DB755B9D-D734-443D-8A79-587B7D8C8CE6}.Release|Any CPU.ActiveCfg = Release|Any CPU
		{DB755B9D-D734-443D-8A79-587B7D8C8CE6}.Release|Any CPU.Build.0 = Release|Any CPU
		{2A3F55E3-E89B-496B-94DC-27F49D1998D8}.Debug|Any CPU.ActiveCfg = Debug|Any CPU
		{2A3F55E3-E89B-496B-94DC-27F49D1998D8}.Debug|Any CPU.Build.0 = Debug|Any CPU
		{2A3F55E3-E89B-496B-94DC-27F49D1998D8}.Release|Any CPU.ActiveCfg = Release|Any CPU
		{2A3F55E3-E89B-496B-94DC-27F49D1998D8}.Release|Any CPU.Build.0 = Release|Any CPU
		{B22152F2-8BDE-4494-92DA-19CD5ACCC99D}.Debug|Any CPU.ActiveCfg = Debug|Any CPU
		{B22152F2-8BDE-4494-92DA-19CD5ACCC99D}.Debug|Any CPU.Build.0 = Debug|Any CPU
		{B22152F2-8BDE-4494-92DA-19CD5ACCC99D}.Release|Any CPU.ActiveCfg = Release|Any CPU
		{B22152F2-8BDE-4494-92DA-19CD5ACCC99D}.Release|Any CPU.Build.0 = Release|Any CPU
		{AC65A645-88EA-426B-8F93-013E466096A6}.Debug|Any CPU.ActiveCfg = Debug|Any CPU
		{AC65A645-88EA-426B-8F93-013E466096A6}.Debug|Any CPU.Build.0 = Debug|Any CPU
		{AC65A645-88EA-426B-8F93-013E466096A6}.Release|Any CPU.ActiveCfg = Release|Any CPU
		{AC65A645-88EA-426B-8F93-013E466096A6}.Release|Any CPU.Build.0 = Release|Any CPU
		{3BC87898-B460-4178-8F6E-9CA7BE942211}.Debug|Any CPU.ActiveCfg = Debug|Any CPU
		{3BC87898-B460-4178-8F6E-9CA7BE942211}.Debug|Any CPU.Build.0 = Debug|Any CPU
		{3BC87898-B460-4178-8F6E-9CA7BE942211}.Release|Any CPU.ActiveCfg = Release|Any CPU
		{3BC87898-B460-4178-8F6E-9CA7BE942211}.Release|Any CPU.Build.0 = Release|Any CPU
		{9B4920E8-C6A4-49B1-834D-9C80542834E7}.Debug|Any CPU.ActiveCfg = Debug|Any CPU
		{9B4920E8-C6A4-49B1-834D-9C80542834E7}.Debug|Any CPU.Build.0 = Debug|Any CPU
		{9B4920E8-C6A4-49B1-834D-9C80542834E7}.Release|Any CPU.ActiveCfg = Release|Any CPU
		{9B4920E8-C6A4-49B1-834D-9C80542834E7}.Release|Any CPU.Build.0 = Release|Any CPU
		{81F28F9F-77CF-43C2-8732-8B03B54F185F}.Debug|Any CPU.ActiveCfg = Debug|Any CPU
		{81F28F9F-77CF-43C2-8732-8B03B54F185F}.Debug|Any CPU.Build.0 = Debug|Any CPU
		{81F28F9F-77CF-43C2-8732-8B03B54F185F}.Release|Any CPU.ActiveCfg = Release|Any CPU
		{81F28F9F-77CF-43C2-8732-8B03B54F185F}.Release|Any CPU.Build.0 = Release|Any CPU
		{D39C32BF-85C7-41FA-968A-88CE4AEB41B9}.Debug|Any CPU.ActiveCfg = Debug|Any CPU
		{D39C32BF-85C7-41FA-968A-88CE4AEB41B9}.Debug|Any CPU.Build.0 = Debug|Any CPU
		{D39C32BF-85C7-41FA-968A-88CE4AEB41B9}.Release|Any CPU.ActiveCfg = Release|Any CPU
		{D39C32BF-85C7-41FA-968A-88CE4AEB41B9}.Release|Any CPU.Build.0 = Release|Any CPU
		{2DC8E076-CC8C-43FB-84A4-CB53E296DF8F}.Debug|Any CPU.ActiveCfg = Debug|Any CPU
		{2DC8E076-CC8C-43FB-84A4-CB53E296DF8F}.Debug|Any CPU.Build.0 = Debug|Any CPU
		{2DC8E076-CC8C-43FB-84A4-CB53E296DF8F}.Release|Any CPU.ActiveCfg = Release|Any CPU
		{2DC8E076-CC8C-43FB-84A4-CB53E296DF8F}.Release|Any CPU.Build.0 = Release|Any CPU
		{F096FF03-E517-4F1D-8657-7946A5DDC06F}.Debug|Any CPU.ActiveCfg = Debug|Any CPU
		{F096FF03-E517-4F1D-8657-7946A5DDC06F}.Debug|Any CPU.Build.0 = Debug|Any CPU
		{F096FF03-E517-4F1D-8657-7946A5DDC06F}.Release|Any CPU.ActiveCfg = Release|Any CPU
		{F096FF03-E517-4F1D-8657-7946A5DDC06F}.Release|Any CPU.Build.0 = Release|Any CPU
		{5DE016FE-94B3-4F71-9170-35728F09A710}.Debug|Any CPU.ActiveCfg = Debug|Any CPU
		{5DE016FE-94B3-4F71-9170-35728F09A710}.Debug|Any CPU.Build.0 = Debug|Any CPU
		{5DE016FE-94B3-4F71-9170-35728F09A710}.Release|Any CPU.ActiveCfg = Release|Any CPU
		{5DE016FE-94B3-4F71-9170-35728F09A710}.Release|Any CPU.Build.0 = Release|Any CPU
		{AC36AE56-981E-4910-9D1C-DD17D4EC28AD}.Debug|Any CPU.ActiveCfg = Debug|Any CPU
		{AC36AE56-981E-4910-9D1C-DD17D4EC28AD}.Debug|Any CPU.Build.0 = Debug|Any CPU
		{AC36AE56-981E-4910-9D1C-DD17D4EC28AD}.Release|Any CPU.ActiveCfg = Release|Any CPU
		{AC36AE56-981E-4910-9D1C-DD17D4EC28AD}.Release|Any CPU.Build.0 = Release|Any CPU
		{107F28AD-E038-47A5-8720-EDECF0DD1E36}.Debug|Any CPU.ActiveCfg = Debug|Any CPU
		{107F28AD-E038-47A5-8720-EDECF0DD1E36}.Debug|Any CPU.Build.0 = Debug|Any CPU
		{107F28AD-E038-47A5-8720-EDECF0DD1E36}.Release|Any CPU.ActiveCfg = Release|Any CPU
		{107F28AD-E038-47A5-8720-EDECF0DD1E36}.Release|Any CPU.Build.0 = Release|Any CPU
		{F1C997F7-DBDE-4899-9ED5-460473CEC087}.Debug|Any CPU.ActiveCfg = Debug|Any CPU
		{F1C997F7-DBDE-4899-9ED5-460473CEC087}.Debug|Any CPU.Build.0 = Debug|Any CPU
		{F1C997F7-DBDE-4899-9ED5-460473CEC087}.Release|Any CPU.ActiveCfg = Release|Any CPU
		{F1C997F7-DBDE-4899-9ED5-460473CEC087}.Release|Any CPU.Build.0 = Release|Any CPU
		{FDE3D67B-FA75-4806-8839-8B080893579C}.Debug|Any CPU.ActiveCfg = Debug|Any CPU
		{FDE3D67B-FA75-4806-8839-8B080893579C}.Debug|Any CPU.Build.0 = Debug|Any CPU
		{FDE3D67B-FA75-4806-8839-8B080893579C}.Release|Any CPU.ActiveCfg = Release|Any CPU
		{FDE3D67B-FA75-4806-8839-8B080893579C}.Release|Any CPU.Build.0 = Release|Any CPU
		{535C9D9D-84AC-4846-8198-C548477D70FA}.Debug|Any CPU.ActiveCfg = Debug|Any CPU
		{535C9D9D-84AC-4846-8198-C548477D70FA}.Debug|Any CPU.Build.0 = Debug|Any CPU
		{535C9D9D-84AC-4846-8198-C548477D70FA}.Release|Any CPU.ActiveCfg = Release|Any CPU
		{535C9D9D-84AC-4846-8198-C548477D70FA}.Release|Any CPU.Build.0 = Release|Any CPU
		{ADB4A218-6CFB-456C-8272-EEAB0914C3ED}.Debug|Any CPU.ActiveCfg = Debug|Any CPU
		{ADB4A218-6CFB-456C-8272-EEAB0914C3ED}.Debug|Any CPU.Build.0 = Debug|Any CPU
		{ADB4A218-6CFB-456C-8272-EEAB0914C3ED}.Release|Any CPU.ActiveCfg = Release|Any CPU
		{ADB4A218-6CFB-456C-8272-EEAB0914C3ED}.Release|Any CPU.Build.0 = Release|Any CPU
		{1F8A3464-25F4-4E0A-9BA1-E769078015E1}.Debug|Any CPU.ActiveCfg = Debug|Any CPU
		{1F8A3464-25F4-4E0A-9BA1-E769078015E1}.Debug|Any CPU.Build.0 = Debug|Any CPU
		{1F8A3464-25F4-4E0A-9BA1-E769078015E1}.Release|Any CPU.ActiveCfg = Release|Any CPU
		{1F8A3464-25F4-4E0A-9BA1-E769078015E1}.Release|Any CPU.Build.0 = Release|Any CPU
	EndGlobalSection
	GlobalSection(SolutionProperties) = preSolution
		HideSolutionNode = FALSE
	EndGlobalSection
	GlobalSection(NestedProjects) = preSolution
		{BD6D1E2B-691E-4E8B-9E8D-E7FD2EDDF1F8} = {1EA5CB17-A582-4817-8D06-39D50D65419F}
		{B6DFBBBD-4B4F-4AE2-8D65-4B9F51FB5CA2} = {BD6D1E2B-691E-4E8B-9E8D-E7FD2EDDF1F8}
		{0941E0F3-4C47-4090-8498-409E219E997B} = {BD6D1E2B-691E-4E8B-9E8D-E7FD2EDDF1F8}
		{6B734C3C-FE4C-405D-80E3-AFEAD63BCF2D} = {1EA5CB17-A582-4817-8D06-39D50D65419F}
		{6B9F6FF5-6343-42B8-A234-F738237D75D8} = {6B734C3C-FE4C-405D-80E3-AFEAD63BCF2D}
		{DB755B9D-D734-443D-8A79-587B7D8C8CE6} = {6B734C3C-FE4C-405D-80E3-AFEAD63BCF2D}
		{2A3F55E3-E89B-496B-94DC-27F49D1998D8} = {6B734C3C-FE4C-405D-80E3-AFEAD63BCF2D}
		{B22152F2-8BDE-4494-92DA-19CD5ACCC99D} = {6B734C3C-FE4C-405D-80E3-AFEAD63BCF2D}
		{AC65A645-88EA-426B-8F93-013E466096A6} = {BD6D1E2B-691E-4E8B-9E8D-E7FD2EDDF1F8}
		{71FB9978-EB6D-4126-B5D1-FECED3C73D37} = {1EA5CB17-A582-4817-8D06-39D50D65419F}
		{3BC87898-B460-4178-8F6E-9CA7BE942211} = {71FB9978-EB6D-4126-B5D1-FECED3C73D37}
		{9B4920E8-C6A4-49B1-834D-9C80542834E7} = {71FB9978-EB6D-4126-B5D1-FECED3C73D37}
		{81F28F9F-77CF-43C2-8732-8B03B54F185F} = {BD6D1E2B-691E-4E8B-9E8D-E7FD2EDDF1F8}
		{D39C32BF-85C7-41FA-968A-88CE4AEB41B9} = {BD6D1E2B-691E-4E8B-9E8D-E7FD2EDDF1F8}
		{2DC8E076-CC8C-43FB-84A4-CB53E296DF8F} = {71FB9978-EB6D-4126-B5D1-FECED3C73D37}
		{F096FF03-E517-4F1D-8657-7946A5DDC06F} = {6B734C3C-FE4C-405D-80E3-AFEAD63BCF2D}
		{5DE016FE-94B3-4F71-9170-35728F09A710} = {6B734C3C-FE4C-405D-80E3-AFEAD63BCF2D}
		{AC36AE56-981E-4910-9D1C-DD17D4EC28AD} = {BD6D1E2B-691E-4E8B-9E8D-E7FD2EDDF1F8}
		{107F28AD-E038-47A5-8720-EDECF0DD1E36} = {6B734C3C-FE4C-405D-80E3-AFEAD63BCF2D}
		{F1C997F7-DBDE-4899-9ED5-460473CEC087} = {6B734C3C-FE4C-405D-80E3-AFEAD63BCF2D}
		{3E8A3288-FD80-4809-9096-B10D2D025C5E} = {CD19FF86-B039-4A4A-8822-7C97670BC786}
		{FDE3D67B-FA75-4806-8839-8B080893579C} = {2273701E-0AEE-4F47-A8D3-96DEE1F4FEDD}
		{535C9D9D-84AC-4846-8198-C548477D70FA} = {AE84E1FF-91D2-4D29-A281-EB281B2114E8}
		{89BD9E68-8627-4E84-8873-2EC76065A2B8} = {1EA5CB17-A582-4817-8D06-39D50D65419F}
		{ADB4A218-6CFB-456C-8272-EEAB0914C3ED} = {89BD9E68-8627-4E84-8873-2EC76065A2B8}
		{1F8A3464-25F4-4E0A-9BA1-E769078015E1} = {AE84E1FF-91D2-4D29-A281-EB281B2114E8}
	EndGlobalSection
	GlobalSection(ExtensibilityGlobals) = postSolution
		SolutionGuid = {04F52789-9FF4-4AB9-9132-1789A00E7E4A}
	EndGlobalSection
EndGlobal
