
Microsoft Visual Studio Solution File, Format Version 12.00
# Visual Studio Version 17
VisualStudioVersion = 17.5.33402.96
MinimumVisualStudioVersion = 10.0.40219.1
Project("{2150E333-8FDC-42A3-9474-1A3956D46DE8}") = "src", "src", "{1EA5CB17-A582-4817-8D06-39D50D65419F}"
EndProject
Project("{9A19103F-16F7-4668-BE54-9A1E7A4F7556}") = "EasilyNET.AutoDependencyInjection", "src\EasilyNET.AutoDependencyInjection\EasilyNET.AutoDependencyInjection.csproj", "{B6DFBBBD-4B4F-4AE2-8D65-4B9F51FB5CA2}"
EndProject
Project("{9A19103F-16F7-4668-BE54-9A1E7A4F7556}") = "Test", "Test\Test.csproj", "{BBA1C4B3-FE2F-4B7C-BDEB-7D2A5D09E3BF}"
EndProject
Global
	GlobalSection(SolutionConfigurationPlatforms) = preSolution
		Debug|Any CPU = Debug|Any CPU
		Release|Any CPU = Release|Any CPU
	EndGlobalSection
	GlobalSection(ProjectConfigurationPlatforms) = postSolution
		{B6DFBBBD-4B4F-4AE2-8D65-4B9F51FB5CA2}.Debug|Any CPU.ActiveCfg = Debug|Any CPU
		{B6DFBBBD-4B4F-4AE2-8D65-4B9F51FB5CA2}.Debug|Any CPU.Build.0 = Debug|Any CPU
		{B6DFBBBD-4B4F-4AE2-8D65-4B9F51FB5CA2}.Release|Any CPU.ActiveCfg = Release|Any CPU
		{B6DFBBBD-4B4F-4AE2-8D65-4B9F51FB5CA2}.Release|Any CPU.Build.0 = Release|Any CPU
		{BBA1C4B3-FE2F-4B7C-BDEB-7D2A5D09E3BF}.Debug|Any CPU.ActiveCfg = Debug|Any CPU
		{BBA1C4B3-FE2F-4B7C-BDEB-7D2A5D09E3BF}.Debug|Any CPU.Build.0 = Debug|Any CPU
		{BBA1C4B3-FE2F-4B7C-BDEB-7D2A5D09E3BF}.Release|Any CPU.ActiveCfg = Release|Any CPU
		{BBA1C4B3-FE2F-4B7C-BDEB-7D2A5D09E3BF}.Release|Any CPU.Build.0 = Release|Any CPU
	EndGlobalSection
	GlobalSection(SolutionProperties) = preSolution
		HideSolutionNode = FALSE
	EndGlobalSection
	GlobalSection(NestedProjects) = preSolution
		{B6DFBBBD-4B4F-4AE2-8D65-4B9F51FB5CA2} = {1EA5CB17-A582-4817-8D06-39D50D65419F}
	EndGlobalSection
	GlobalSection(ExtensibilityGlobals) = postSolution
		SolutionGuid = {04F52789-9FF4-4AB9-9132-1789A00E7E4A}
	EndGlobalSection
EndGlobal
