
Microsoft Visual Studio Solution File, Format Version 12.00
# Visual Studio Version 17
VisualStudioVersion = 17.10.34804.81
MinimumVisualStudioVersion = 10.0.40219.1
Project("{2150E333-8FDC-42A3-9474-1A3956D46DE8}") = ".github", ".github", "{1F4F8698-D875-4E8F-975A-337CB7F8D076}"
	ProjectSection(SolutionItems) = preProject
		.github\dependabot.yml = .github\dependabot.yml
		.github\release-drafter.yml = .github\release-drafter.yml
	EndProjectSection
EndProject
Project("{2150E333-8FDC-42A3-9474-1A3956D46DE8}") = "ISSUE_TEMPLATE", "ISSUE_TEMPLATE", "{56627339-FF47-422E-BC6A-C612FFD84913}"
	ProjectSection(SolutionItems) = preProject
		.github\ISSUE_TEMPLATE\bug.yml = .github\ISSUE_TEMPLATE\bug.yml
		.github\ISSUE_TEMPLATE\config.yml = .github\ISSUE_TEMPLATE\config.yml
		.github\ISSUE_TEMPLATE\feature.yml = .github\ISSUE_TEMPLATE\feature.yml
		.github\ISSUE_TEMPLATE\feedback.yml = .github\ISSUE_TEMPLATE\feedback.yml
	EndProjectSection
EndProject
Project("{2150E333-8FDC-42A3-9474-1A3956D46DE8}") = "workflows", "workflows", "{3F888370-CC1E-4CE6-82DE-B9D2233118D9}"
	ProjectSection(SolutionItems) = preProject
		.github\workflows\build_test.yml = .github\workflows\build_test.yml
		.github\workflows\releaser.yml = .github\workflows\releaser.yml
	EndProjectSection
EndProject
Project("{2150E333-8FDC-42A3-9474-1A3956D46DE8}") = "Solution Items", "Solution Items", "{089100B1-113F-4E66-888A-E83F3999EAFD}"
	ProjectSection(SolutionItems) = preProject
		Build.ps1 = Build.ps1
		Directory.Build.props = Directory.Build.props
		docker-compose.basic.service.yml = docker-compose.basic.service.yml
		docker-compose.mongo.rs.yml = docker-compose.mongo.rs.yml
		EasilyNET.snk = EasilyNET.snk
		gitemoji.md = gitemoji.md
		LICENSE = LICENSE
		Push.ps1 = Push.ps1
		README.md = README.md
		Test.ps1 = Test.ps1
		ToUTF8.ps1 = ToUTF8.ps1
	EndProjectSection
EndProject
Project("{2150E333-8FDC-42A3-9474-1A3956D46DE8}") = "src", "src", "{827E0CD3-B72D-47B6-A68D-7590B98EB39B}"
	ProjectSection(SolutionItems) = preProject
		src\Directory.Packages.props = src\Directory.Packages.props
	EndProjectSection
EndProject
Project("{2150E333-8FDC-42A3-9474-1A3956D46DE8}") = "sample", "sample", "{4F9DEAE5-078F-E77A-2E4A-FEB6FFE226FF}"
EndProject
Project("{9A19103F-16F7-4668-BE54-9A1E7A4F7556}") = "EasilyNET.Test.Unit", "test\EasilyNET.Test.Unit\EasilyNET.Test.Unit.csproj", "{0946F8C0-D42D-D461-E119-5C393FC1F932}"
EndProject
Project("{2150E333-8FDC-42A3-9474-1A3956D46DE8}") = "Mongo", "Mongo", "{537BF619-5E2D-4799-D114-C1B6F4B470C9}"
EndProject
Project("{9A19103F-16F7-4668-BE54-9A1E7A4F7556}") = "EasilyNET.Mongo.AspNetCore", "src\EasilyNET.Mongo.AspNetCore\EasilyNET.Mongo.AspNetCore.csproj", "{F71CC94F-31EF-2277-8F41-D2191F2C6430}"
EndProject
Project("{9A19103F-16F7-4668-BE54-9A1E7A4F7556}") = "EasilyNET.Mongo.ConsoleDebug", "src\EasilyNET.Mongo.ConsoleDebug\EasilyNET.Mongo.ConsoleDebug.csproj", "{0AB1B745-ABBF-7640-30F7-8FC177720326}"
EndProject
Project("{9A19103F-16F7-4668-BE54-9A1E7A4F7556}") = "EasilyNET.Mongo.Core", "src\EasilyNET.Mongo.Core\EasilyNET.Mongo.Core.csproj", "{2381296E-23AF-7883-EC5D-837E2279245A}"
EndProject
Project("{9A19103F-16F7-4668-BE54-9A1E7A4F7556}") = "EasilyNET.MongoDistributedLock.AspNetCore", "src\EasilyNET.MongoDistributedLock.AspNetCore\EasilyNET.MongoDistributedLock.AspNetCore.csproj", "{1CFDAF91-B819-0C3C-0F04-8EF7010DD56E}"
EndProject
Project("{9A19103F-16F7-4668-BE54-9A1E7A4F7556}") = "EasilyNET.MongoDistributedLock", "src\EasilyNET.MongoDistributedLock\EasilyNET.MongoDistributedLock.csproj", "{3DF7B8BC-430F-F922-B30C-7B76A85A41FF}"
EndProject
Project("{2150E333-8FDC-42A3-9474-1A3956D46DE8}") = "Framework", "Framework", "{E0AD1809-C64F-3D39-45E0-E424261CE16D}"
EndProject
Project("{9A19103F-16F7-4668-BE54-9A1E7A4F7556}") = "EasilyNET.AutoDependencyInjection.Core", "src\EasilyNET.AutoDependencyInjection.Core\EasilyNET.AutoDependencyInjection.Core.csproj", "{625558AF-C2F2-5E54-7C76-DC0C775AC1B5}"
EndProject
Project("{9A19103F-16F7-4668-BE54-9A1E7A4F7556}") = "EasilyNET.AutoDependencyInjection", "src\EasilyNET.AutoDependencyInjection\EasilyNET.AutoDependencyInjection.csproj", "{7903F7EA-4B8E-053B-5C04-24EBD8CC9F4B}"
EndProject
Project("{FAE04EC0-301F-11D3-BF4B-00C04F79EFBC}") = "EasilyNET.ExpressMapper", "src\EasilyNET.ExpressMapper\EasilyNET.ExpressMapper.csproj", "{E87E72BC-9A6D-4D78-86E4-6C65D79B0FC5}"
EndProject
Project("{9A19103F-16F7-4668-BE54-9A1E7A4F7556}") = "EasilyNET.RabbitBus.AspNetCore", "src\EasilyNET.RabbitBus.AspNetCore\EasilyNET.RabbitBus.AspNetCore.csproj", "{BA820B73-95D9-1ADF-EC95-473A11F617DF}"
EndProject
Project("{9A19103F-16F7-4668-BE54-9A1E7A4F7556}") = "EasilyNET.RabbitBus.Core", "src\EasilyNET.RabbitBus.Core\EasilyNET.RabbitBus.Core.csproj", "{4763C6D7-FD51-E449-73C0-545063EC8FCB}"
EndProject
Project("{9A19103F-16F7-4668-BE54-9A1E7A4F7556}") = "EasilyNET.Security", "src\EasilyNET.Security\EasilyNET.Security.csproj", "{953EDA65-19AC-5098-FBB0-8C096AC84562}"
EndProject
Project("{2150E333-8FDC-42A3-9474-1A3956D46DE8}") = "Core", "Core", "{8D626EA8-CB54-BC41-363A-217881BEBA6E}"
EndProject
Project("{9A19103F-16F7-4668-BE54-9A1E7A4F7556}") = "EasilyNET.Core", "src\EasilyNET.Core\EasilyNET.Core.csproj", "{FDFFD034-8B7F-6314-9195-AF1A53113284}"
EndProject
Project("{9A19103F-16F7-4668-BE54-9A1E7A4F7556}") = "EasilyNET.WebCore.Swagger", "src\EasilyNET.WebCore.Swagger\EasilyNET.WebCore.Swagger.csproj", "{7E493CA2-CB0C-77E0-B442-5ED204493F13}"
EndProject
Project("{9A19103F-16F7-4668-BE54-9A1E7A4F7556}") = "EasilyNET.WebCore", "src\EasilyNET.WebCore\EasilyNET.WebCore.csproj", "{8F9C18F9-A526-DCA0-597F-90D64AE5C6C2}"
EndProject
Project("{2150E333-8FDC-42A3-9474-1A3956D46DE8}") = "test", "test", "{0C88DD14-F956-CE84-757C-A364CCF449FC}"
EndProject
Project("{9A19103F-16F7-4668-BE54-9A1E7A4F7556}") = "WebApi.Test.Unit", "sample\WebApi.Test.Unit\WebApi.Test.Unit.csproj", "{9B426136-DC85-603B-94FB-F3C0B2E72713}"
EndProject
Project("{FAE04EC0-301F-11D3-BF4B-00C04F79EFBC}") = "EasilyNET.Core.Benchmark", "test\EasilyNET.Core.Benchmark\EasilyNET.Core.Benchmark.csproj", "{5BE6F704-9ADC-4CB1-B7B7-54ED18B35BE8}"
EndProject
Project("{2150E333-8FDC-42A3-9474-1A3956D46DE8}") = "analyzer", "analyzer", "{484D58A4-E166-4D98-AF79-F72CFFB00DF0}"
EndProject
Project("{FAE04EC0-301F-11D3-BF4B-00C04F79EFBC}") = "EasilyNET.Analyzer", "analyzer\EasilyNET.Analyzer\EasilyNET.Analyzer.csproj", "{C1DF84EC-1B06-4909-AC23-7E61D3ECE1A9}"
EndProject
Project("{FAE04EC0-301F-11D3-BF4B-00C04F79EFBC}") = "EasilyNET.Analyzer.CodeFixes", "analyzer\EasilyNET.Analyzer.CodeFixes\EasilyNET.Analyzer.CodeFixes.csproj", "{C8487215-A051-475A-8E48-BD955DE2AA4F}"
EndProject
Project("{FAE04EC0-301F-11D3-BF4B-00C04F79EFBC}") = "EasilyNET.Analyzer.Package", "analyzer\EasilyNET.Analyzer.Package\EasilyNET.Analyzer.Package.csproj", "{EED2F3D0-59ED-4741-A915-2EF15FC34519}"
EndProject
Global
	GlobalSection(SolutionConfigurationPlatforms) = preSolution
		Debug|Any CPU = Debug|Any CPU
		Release|Any CPU = Release|Any CPU
	EndGlobalSection
	GlobalSection(ProjectConfigurationPlatforms) = postSolution
		{0946F8C0-D42D-D461-E119-5C393FC1F932}.Debug|Any CPU.ActiveCfg = Debug|Any CPU
		{0946F8C0-D42D-D461-E119-5C393FC1F932}.Debug|Any CPU.Build.0 = Debug|Any CPU
		{0946F8C0-D42D-D461-E119-5C393FC1F932}.Release|Any CPU.ActiveCfg = Release|Any CPU
		{0946F8C0-D42D-D461-E119-5C393FC1F932}.Release|Any CPU.Build.0 = Release|Any CPU
		{F71CC94F-31EF-2277-8F41-D2191F2C6430}.Debug|Any CPU.ActiveCfg = Debug|Any CPU
		{F71CC94F-31EF-2277-8F41-D2191F2C6430}.Debug|Any CPU.Build.0 = Debug|Any CPU
		{F71CC94F-31EF-2277-8F41-D2191F2C6430}.Release|Any CPU.ActiveCfg = Release|Any CPU
		{F71CC94F-31EF-2277-8F41-D2191F2C6430}.Release|Any CPU.Build.0 = Release|Any CPU
		{0AB1B745-ABBF-7640-30F7-8FC177720326}.Debug|Any CPU.ActiveCfg = Debug|Any CPU
		{0AB1B745-ABBF-7640-30F7-8FC177720326}.Debug|Any CPU.Build.0 = Debug|Any CPU
		{0AB1B745-ABBF-7640-30F7-8FC177720326}.Release|Any CPU.ActiveCfg = Release|Any CPU
		{0AB1B745-ABBF-7640-30F7-8FC177720326}.Release|Any CPU.Build.0 = Release|Any CPU
		{2381296E-23AF-7883-EC5D-837E2279245A}.Debug|Any CPU.ActiveCfg = Debug|Any CPU
		{2381296E-23AF-7883-EC5D-837E2279245A}.Debug|Any CPU.Build.0 = Debug|Any CPU
		{2381296E-23AF-7883-EC5D-837E2279245A}.Release|Any CPU.ActiveCfg = Release|Any CPU
		{2381296E-23AF-7883-EC5D-837E2279245A}.Release|Any CPU.Build.0 = Release|Any CPU
		{1CFDAF91-B819-0C3C-0F04-8EF7010DD56E}.Debug|Any CPU.ActiveCfg = Debug|Any CPU
		{1CFDAF91-B819-0C3C-0F04-8EF7010DD56E}.Debug|Any CPU.Build.0 = Debug|Any CPU
		{1CFDAF91-B819-0C3C-0F04-8EF7010DD56E}.Release|Any CPU.ActiveCfg = Release|Any CPU
		{1CFDAF91-B819-0C3C-0F04-8EF7010DD56E}.Release|Any CPU.Build.0 = Release|Any CPU
		{3DF7B8BC-430F-F922-B30C-7B76A85A41FF}.Debug|Any CPU.ActiveCfg = Debug|Any CPU
		{3DF7B8BC-430F-F922-B30C-7B76A85A41FF}.Debug|Any CPU.Build.0 = Debug|Any CPU
		{3DF7B8BC-430F-F922-B30C-7B76A85A41FF}.Release|Any CPU.ActiveCfg = Release|Any CPU
		{3DF7B8BC-430F-F922-B30C-7B76A85A41FF}.Release|Any CPU.Build.0 = Release|Any CPU
		{625558AF-C2F2-5E54-7C76-DC0C775AC1B5}.Debug|Any CPU.ActiveCfg = Debug|Any CPU
		{625558AF-C2F2-5E54-7C76-DC0C775AC1B5}.Debug|Any CPU.Build.0 = Debug|Any CPU
		{625558AF-C2F2-5E54-7C76-DC0C775AC1B5}.Release|Any CPU.ActiveCfg = Release|Any CPU
		{625558AF-C2F2-5E54-7C76-DC0C775AC1B5}.Release|Any CPU.Build.0 = Release|Any CPU
		{7903F7EA-4B8E-053B-5C04-24EBD8CC9F4B}.Debug|Any CPU.ActiveCfg = Debug|Any CPU
		{7903F7EA-4B8E-053B-5C04-24EBD8CC9F4B}.Debug|Any CPU.Build.0 = Debug|Any CPU
		{7903F7EA-4B8E-053B-5C04-24EBD8CC9F4B}.Release|Any CPU.ActiveCfg = Release|Any CPU
		{7903F7EA-4B8E-053B-5C04-24EBD8CC9F4B}.Release|Any CPU.Build.0 = Release|Any CPU
		{E87E72BC-9A6D-4D78-86E4-6C65D79B0FC5}.Debug|Any CPU.ActiveCfg = Debug|Any CPU
		{E87E72BC-9A6D-4D78-86E4-6C65D79B0FC5}.Debug|Any CPU.Build.0 = Debug|Any CPU
		{E87E72BC-9A6D-4D78-86E4-6C65D79B0FC5}.Release|Any CPU.ActiveCfg = Release|Any CPU
		{E87E72BC-9A6D-4D78-86E4-6C65D79B0FC5}.Release|Any CPU.Build.0 = Release|Any CPU
		{BA820B73-95D9-1ADF-EC95-473A11F617DF}.Debug|Any CPU.ActiveCfg = Debug|Any CPU
		{BA820B73-95D9-1ADF-EC95-473A11F617DF}.Debug|Any CPU.Build.0 = Debug|Any CPU
		{BA820B73-95D9-1ADF-EC95-473A11F617DF}.Release|Any CPU.ActiveCfg = Release|Any CPU
		{BA820B73-95D9-1ADF-EC95-473A11F617DF}.Release|Any CPU.Build.0 = Release|Any CPU
		{4763C6D7-FD51-E449-73C0-545063EC8FCB}.Debug|Any CPU.ActiveCfg = Debug|Any CPU
		{4763C6D7-FD51-E449-73C0-545063EC8FCB}.Debug|Any CPU.Build.0 = Debug|Any CPU
		{4763C6D7-FD51-E449-73C0-545063EC8FCB}.Release|Any CPU.ActiveCfg = Release|Any CPU
		{4763C6D7-FD51-E449-73C0-545063EC8FCB}.Release|Any CPU.Build.0 = Release|Any CPU
		{953EDA65-19AC-5098-FBB0-8C096AC84562}.Debug|Any CPU.ActiveCfg = Debug|Any CPU
		{953EDA65-19AC-5098-FBB0-8C096AC84562}.Debug|Any CPU.Build.0 = Debug|Any CPU
		{953EDA65-19AC-5098-FBB0-8C096AC84562}.Release|Any CPU.ActiveCfg = Release|Any CPU
		{953EDA65-19AC-5098-FBB0-8C096AC84562}.Release|Any CPU.Build.0 = Release|Any CPU
		{FDFFD034-8B7F-6314-9195-AF1A53113284}.Debug|Any CPU.ActiveCfg = Debug|Any CPU
		{FDFFD034-8B7F-6314-9195-AF1A53113284}.Debug|Any CPU.Build.0 = Debug|Any CPU
		{FDFFD034-8B7F-6314-9195-AF1A53113284}.Release|Any CPU.ActiveCfg = Release|Any CPU
		{FDFFD034-8B7F-6314-9195-AF1A53113284}.Release|Any CPU.Build.0 = Release|Any CPU
		{7E493CA2-CB0C-77E0-B442-5ED204493F13}.Debug|Any CPU.ActiveCfg = Debug|Any CPU
		{7E493CA2-CB0C-77E0-B442-5ED204493F13}.Debug|Any CPU.Build.0 = Debug|Any CPU
		{7E493CA2-CB0C-77E0-B442-5ED204493F13}.Release|Any CPU.ActiveCfg = Release|Any CPU
		{7E493CA2-CB0C-77E0-B442-5ED204493F13}.Release|Any CPU.Build.0 = Release|Any CPU
		{8F9C18F9-A526-DCA0-597F-90D64AE5C6C2}.Debug|Any CPU.ActiveCfg = Debug|Any CPU
		{8F9C18F9-A526-DCA0-597F-90D64AE5C6C2}.Debug|Any CPU.Build.0 = Debug|Any CPU
		{8F9C18F9-A526-DCA0-597F-90D64AE5C6C2}.Release|Any CPU.ActiveCfg = Release|Any CPU
		{8F9C18F9-A526-DCA0-597F-90D64AE5C6C2}.Release|Any CPU.Build.0 = Release|Any CPU
		{9B426136-DC85-603B-94FB-F3C0B2E72713}.Debug|Any CPU.ActiveCfg = Debug|Any CPU
		{9B426136-DC85-603B-94FB-F3C0B2E72713}.Debug|Any CPU.Build.0 = Debug|Any CPU
		{9B426136-DC85-603B-94FB-F3C0B2E72713}.Release|Any CPU.ActiveCfg = Release|Any CPU
		{9B426136-DC85-603B-94FB-F3C0B2E72713}.Release|Any CPU.Build.0 = Release|Any CPU
		{5BE6F704-9ADC-4CB1-B7B7-54ED18B35BE8}.Debug|Any CPU.ActiveCfg = Debug|Any CPU
		{5BE6F704-9ADC-4CB1-B7B7-54ED18B35BE8}.Debug|Any CPU.Build.0 = Debug|Any CPU
		{5BE6F704-9ADC-4CB1-B7B7-54ED18B35BE8}.Release|Any CPU.ActiveCfg = Release|Any CPU
		{5BE6F704-9ADC-4CB1-B7B7-54ED18B35BE8}.Release|Any CPU.Build.0 = Release|Any CPU
		{C1DF84EC-1B06-4909-AC23-7E61D3ECE1A9}.Debug|Any CPU.ActiveCfg = Debug|Any CPU
		{C1DF84EC-1B06-4909-AC23-7E61D3ECE1A9}.Debug|Any CPU.Build.0 = Debug|Any CPU
		{C1DF84EC-1B06-4909-AC23-7E61D3ECE1A9}.Release|Any CPU.ActiveCfg = Release|Any CPU
		{C1DF84EC-1B06-4909-AC23-7E61D3ECE1A9}.Release|Any CPU.Build.0 = Release|Any CPU
		{C8487215-A051-475A-8E48-BD955DE2AA4F}.Debug|Any CPU.ActiveCfg = Debug|Any CPU
		{C8487215-A051-475A-8E48-BD955DE2AA4F}.Debug|Any CPU.Build.0 = Debug|Any CPU
		{C8487215-A051-475A-8E48-BD955DE2AA4F}.Release|Any CPU.ActiveCfg = Release|Any CPU
		{C8487215-A051-475A-8E48-BD955DE2AA4F}.Release|Any CPU.Build.0 = Release|Any CPU
		{EED2F3D0-59ED-4741-A915-2EF15FC34519}.Debug|Any CPU.ActiveCfg = Debug|Any CPU
		{EED2F3D0-59ED-4741-A915-2EF15FC34519}.Debug|Any CPU.Build.0 = Debug|Any CPU
		{EED2F3D0-59ED-4741-A915-2EF15FC34519}.Release|Any CPU.ActiveCfg = Release|Any CPU
		{EED2F3D0-59ED-4741-A915-2EF15FC34519}.Release|Any CPU.Build.0 = Release|Any CPU
	EndGlobalSection
	GlobalSection(SolutionProperties) = preSolution
		HideSolutionNode = FALSE
	EndGlobalSection
	GlobalSection(NestedProjects) = preSolution
		{56627339-FF47-422E-BC6A-C612FFD84913} = {1F4F8698-D875-4E8F-975A-337CB7F8D076}
		{3F888370-CC1E-4CE6-82DE-B9D2233118D9} = {1F4F8698-D875-4E8F-975A-337CB7F8D076}
		{0946F8C0-D42D-D461-E119-5C393FC1F932} = {0C88DD14-F956-CE84-757C-A364CCF449FC}
		{537BF619-5E2D-4799-D114-C1B6F4B470C9} = {827E0CD3-B72D-47B6-A68D-7590B98EB39B}
		{F71CC94F-31EF-2277-8F41-D2191F2C6430} = {537BF619-5E2D-4799-D114-C1B6F4B470C9}
		{0AB1B745-ABBF-7640-30F7-8FC177720326} = {537BF619-5E2D-4799-D114-C1B6F4B470C9}
		{2381296E-23AF-7883-EC5D-837E2279245A} = {537BF619-5E2D-4799-D114-C1B6F4B470C9}
		{1CFDAF91-B819-0C3C-0F04-8EF7010DD56E} = {537BF619-5E2D-4799-D114-C1B6F4B470C9}
		{3DF7B8BC-430F-F922-B30C-7B76A85A41FF} = {537BF619-5E2D-4799-D114-C1B6F4B470C9}
		{E0AD1809-C64F-3D39-45E0-E424261CE16D} = {827E0CD3-B72D-47B6-A68D-7590B98EB39B}
		{625558AF-C2F2-5E54-7C76-DC0C775AC1B5} = {E0AD1809-C64F-3D39-45E0-E424261CE16D}
		{7903F7EA-4B8E-053B-5C04-24EBD8CC9F4B} = {E0AD1809-C64F-3D39-45E0-E424261CE16D}
		{E87E72BC-9A6D-4D78-86E4-6C65D79B0FC5} = {E0AD1809-C64F-3D39-45E0-E424261CE16D}
		{BA820B73-95D9-1ADF-EC95-473A11F617DF} = {E0AD1809-C64F-3D39-45E0-E424261CE16D}
		{4763C6D7-FD51-E449-73C0-545063EC8FCB} = {E0AD1809-C64F-3D39-45E0-E424261CE16D}
		{953EDA65-19AC-5098-FBB0-8C096AC84562} = {E0AD1809-C64F-3D39-45E0-E424261CE16D}
		{8D626EA8-CB54-BC41-363A-217881BEBA6E} = {827E0CD3-B72D-47B6-A68D-7590B98EB39B}
		{FDFFD034-8B7F-6314-9195-AF1A53113284} = {8D626EA8-CB54-BC41-363A-217881BEBA6E}
		{7E493CA2-CB0C-77E0-B442-5ED204493F13} = {8D626EA8-CB54-BC41-363A-217881BEBA6E}
		{8F9C18F9-A526-DCA0-597F-90D64AE5C6C2} = {8D626EA8-CB54-BC41-363A-217881BEBA6E}
		{9B426136-DC85-603B-94FB-F3C0B2E72713} = {4F9DEAE5-078F-E77A-2E4A-FEB6FFE226FF}
		{5BE6F704-9ADC-4CB1-B7B7-54ED18B35BE8} = {0C88DD14-F956-CE84-757C-A364CCF449FC}
		{C1DF84EC-1B06-4909-AC23-7E61D3ECE1A9} = {484D58A4-E166-4D98-AF79-F72CFFB00DF0}
		{C8487215-A051-475A-8E48-BD955DE2AA4F} = {484D58A4-E166-4D98-AF79-F72CFFB00DF0}
		{EED2F3D0-59ED-4741-A915-2EF15FC34519} = {484D58A4-E166-4D98-AF79-F72CFFB00DF0}
	EndGlobalSection
	GlobalSection(ExtensibilityGlobals) = postSolution
		SolutionGuid = {BF2C0069-ED43-44A1-A66C-2CC1B62E3EA3}
	EndGlobalSection
EndGlobal
